# This file is generated by running "yarn install" inside your project.
# Manual changes might be lost - proceed with caution!

__metadata:
  version: 4
  cacheKey: 4

"@typegoose/typegoose@https://github.com/typegoose/typegoose.git#master":
  version: 7.2.0
  resolution: "@typegoose/typegoose@https://github.com/typegoose/typegoose.git#commit:3ed06e5097ab929f69755676fee419318aaec73a"
  dependencies:
    lodash: ^4.17.15
    loglevel: ^1.6.8
    reflect-metadata: ^0.1.13
    semver: ^7.3.2
    tslib: ^2.0.0
  peerDependencies:
    "@types/mongoose": ^5.7.21
    mongoose: ^5.9.17
  checksum: f02168420eba060a09b6b3771e17e2ebc224997b5e417e81e0b108128bf4fc5020a1816d15ce2a857ef2a8f33fbb79925a76020e3fc80250b998ad5328458900
  languageName: node
  linkType: hard

"lodash@npm:^4.17.15":
  version: 4.17.15
  resolution: "lodash@npm:4.17.15"
  checksum: aec3fbb7570aa67bda500b8299b1b1821d60646bede87f76a74dfcc7666ab3445267d734ec71424d70809d52ad67a1356fab5ab694a3faa1908d68e9d48f00f5
  languageName: node
  linkType: hard

"loglevel@npm:^1.6.8":
  version: 1.6.8
  resolution: "loglevel@npm:1.6.8"
  checksum: 847939b08549649a0495e1b0d25ac89cec537a057fbb6deae468a066236ca0295aabce314366c026605537c345ece982d88783c7f44ab3599a40554bb09442ed
  languageName: node
  linkType: hard

"reflect-metadata@npm:^0.1.13":
  version: 0.1.13
  resolution: "reflect-metadata@npm:0.1.13"
  checksum: 629101e6c8b7e0d3166fa51953f908f45b5c73dbaf1375c4f8c3ed62221b870c951343b9b031d0c49957e7262a88020f41be25731ee85b5d779f12c7cec66005
  languageName: node
  linkType: hard

"semver@npm:^7.3.2":
  version: 7.3.2
  resolution: "semver@npm:7.3.2"
  bin:
    semver: bin/semver.js
  checksum: bceb46d396d039afb5be2b2860bce1b0a43ecbadc72dde7ebe9c56dd9035ca50d9b8e086208ff9bbe53773ebde0bcfc6fc0842d7358398bca7054bb9ced801e3
  languageName: node
  linkType: hard

"test@workspace:.":
  version: 0.0.0-use.local
  resolution: "test@workspace:."
  dependencies:
    "@typegoose/typegoose": "https://github.com/typegoose/typegoose.git#master"
  languageName: unknown
  linkType: soft

"tslib@npm:^2.0.0":
  version: 2.0.0
  resolution: "tslib@npm:2.0.0"
  checksum: a7369a224f12e223fb42f2a720389601a24a1e1c96c55bf0d8d4b60c131e574c175ae23578b8d1bd3f4ec790c7e0a82b43733f022f866d48a23aeadd3910755d
  languageName: node
  linkType: hard
